// !$*UTF8*$!
{
	archiveVersion = 1;
	classes = {
	};
	objectVersion = 46;
	objects = {

/* Begin PBXBuildFile section */
		BEC09032204628C10022E5AD /* MiniPlayBar.swift in Sources */ = {isa = PBXBuildFile; fileRef = BEC09031204628C10022E5AD /* MiniPlayBar.swift */; };
		BEC0903420462DCB0022E5AD /* MiniPlayBar.xib in Resources */ = {isa = PBXBuildFile; fileRef = BEC0903320462DCB0022E5AD /* MiniPlayBar.xib */; };
		EE1E12892109EC380071DE2A /* Model.xcdatamodeld in Sources */ = {isa = PBXBuildFile; fileRef = EE1E12872109EC380071DE2A /* Model.xcdatamodeld */; };
		EE1E12902109EDD20071DE2A /* PlayItem+CoreDataClass.swift in Sources */ = {isa = PBXBuildFile; fileRef = EE1E128E2109EDD20071DE2A /* PlayItem+CoreDataClass.swift */; };
		EE1E12912109EDD20071DE2A /* PlayItem+CoreDataProperties.swift in Sources */ = {isa = PBXBuildFile; fileRef = EE1E128F2109EDD20071DE2A /* PlayItem+CoreDataProperties.swift */; };
		EE1E129C2111E1810071DE2A /* technology.mp3 in Resources */ = {isa = PBXBuildFile; fileRef = EE1E12952111E17B0071DE2A /* technology.mp3 */; };
		EE1E129D2111E1810071DE2A /* snap_920.png in Resources */ = {isa = PBXBuildFile; fileRef = EE1E12962111E17B0071DE2A /* snap_920.png */; };
		EE1E129E2111E1810071DE2A /* salamander.mp3 in Resources */ = {isa = PBXBuildFile; fileRef = EE1E12972111E17C0071DE2A /* salamander.mp3 */; };
		EE1E129F2111E1810071DE2A /* technology.jpg in Resources */ = {isa = PBXBuildFile; fileRef = EE1E12982111E17D0071DE2A /* technology.jpg */; };
		EE1E12A02111E1810071DE2A /* snap_920.mp3 in Resources */ = {isa = PBXBuildFile; fileRef = EE1E12992111E1800071DE2A /* snap_920.mp3 */; };
		EE1E12A12111E1810071DE2A /* salamander.jpg in Resources */ = {isa = PBXBuildFile; fileRef = EE1E129A2111E1810071DE2A /* salamander.jpg */; };
		EE1E12A22111E1810071DE2A /* playItems.json in Resources */ = {isa = PBXBuildFile; fileRef = EE1E129B2111E1810071DE2A /* playItems.json */; };
		EE1FD15121E8DA8100396729 /* DateExtension.swift in Sources */ = {isa = PBXBuildFile; fileRef = EE1FD15021E8DA8100396729 /* DateExtension.swift */; };
		EE21D76720C7FFDE00CA8C71 /* AudioPlayerDashboardCell1.swift in Sources */ = {isa = PBXBuildFile; fileRef = EE21D76620C7FFDE00CA8C71 /* AudioPlayerDashboardCell1.swift */; };
		EE21D76920C802E100CA8C71 /* AudioPlayerDashboardCell2.swift in Sources */ = {isa = PBXBuildFile; fileRef = EE21D76820C802E100CA8C71 /* AudioPlayerDashboardCell2.swift */; };
		EE21D76B20C802EF00CA8C71 /* AudioPlayerDashboardCell3.swift in Sources */ = {isa = PBXBuildFile; fileRef = EE21D76A20C802EF00CA8C71 /* AudioPlayerDashboardCell3.swift */; };
		EE21D79420CB50D400CA8C71 /* airplay.png in Resources */ = {isa = PBXBuildFile; fileRef = EE21D78E20CB50D200CA8C71 /* airplay.png */; };
		EE21D79520CB50D400CA8C71 /* highvolume.png in Resources */ = {isa = PBXBuildFile; fileRef = EE21D78F20CB50D200CA8C71 /* highvolume.png */; };
		EE21D79620CB50D400CA8C71 /* pause.png in Resources */ = {isa = PBXBuildFile; fileRef = EE21D79020CB50D200CA8C71 /* pause.png */; };
		EE21D79720CB50D400CA8C71 /* play.png in Resources */ = {isa = PBXBuildFile; fileRef = EE21D79120CB50D300CA8C71 /* play.png */; };
		EE21D79820CB50D400CA8C71 /* lowvolume.png in Resources */ = {isa = PBXBuildFile; fileRef = EE21D79220CB50D300CA8C71 /* lowvolume.png */; };
		EE21D79920CB50D400CA8C71 /* replay.png in Resources */ = {isa = PBXBuildFile; fileRef = EE21D79320CB50D300CA8C71 /* replay.png */; };
		EE21D79B20CCD46A00CA8C71 /* Hooded.mp3 in Resources */ = {isa = PBXBuildFile; fileRef = EE21D79A20CCD46A00CA8C71 /* Hooded.mp3 */; };
		EE50CC0021CA68B6009F6C50 /* MiniPlayBarController.swift in Sources */ = {isa = PBXBuildFile; fileRef = EE50CBFF21CA68B6009F6C50 /* MiniPlayBarController.swift */; };
		EE529C0C20692BA0001B9EE9 /* MiniPlayPopupAnimationController.swift in Sources */ = {isa = PBXBuildFile; fileRef = EE529C0B20692BA0001B9EE9 /* MiniPlayPopupAnimationController.swift */; };
		EE632661203DA31400347FB8 /* MyPlayItem.swift in Sources */ = {isa = PBXBuildFile; fileRef = EE632660203DA31400347FB8 /* MyPlayItem.swift */; };
		EE632664203DA7E500347FB8 /* AudioPlayerViewController.swift in Sources */ = {isa = PBXBuildFile; fileRef = EE632663203DA7E500347FB8 /* AudioPlayerViewController.swift */; };
		EE63266A2040522500347FB8 /* LaunchViewController.swift in Sources */ = {isa = PBXBuildFile; fileRef = EE6326692040522500347FB8 /* LaunchViewController.swift */; };
		EE74EEE121C4C3A600D89FFF /* ImageShadeEffectView.swift in Sources */ = {isa = PBXBuildFile; fileRef = EE74EEE021C4C3A600D89FFF /* ImageShadeEffectView.swift */; };
		EE8CF7A1205E158300EA9729 /* DimmingPresentationController.swift in Sources */ = {isa = PBXBuildFile; fileRef = EE8CF7A0205E158300EA9729 /* DimmingPresentationController.swift */; };
		EEB0C03521FAE315003B2A55 /* AudioPlayerController.swift in Sources */ = {isa = PBXBuildFile; fileRef = EEB0C03421FAE315003B2A55 /* AudioPlayerController.swift */; };
		EEB0C03721FF33A7003B2A55 /* GHeadTailButton.swift in Sources */ = {isa = PBXBuildFile; fileRef = EEB0C03621FF33A6003B2A55 /* GHeadTailButton.swift */; };
		EEB0C03A21FF3AB4003B2A55 /* backward.PNG in Resources */ = {isa = PBXBuildFile; fileRef = EEB0C03821FF3AB3003B2A55 /* backward.PNG */; };
		EEB0C03B21FF3AB4003B2A55 /* forward.PNG in Resources */ = {isa = PBXBuildFile; fileRef = EEB0C03921FF3AB3003B2A55 /* forward.PNG */; };
		EEC822EF1F49A365007E3D6C /* AppDelegate.swift in Sources */ = {isa = PBXBuildFile; fileRef = EEC822EE1F49A365007E3D6C /* AppDelegate.swift */; };
		EEC822F11F49A365007E3D6C /* AudioListViewController.swift in Sources */ = {isa = PBXBuildFile; fileRef = EEC822F01F49A365007E3D6C /* AudioListViewController.swift */; };
		EEC822F41F49A365007E3D6C /* Main.storyboard in Resources */ = {isa = PBXBuildFile; fileRef = EEC822F21F49A365007E3D6C /* Main.storyboard */; };
		EEC822F61F49A365007E3D6C /* Assets.xcassets in Resources */ = {isa = PBXBuildFile; fileRef = EEC822F51F49A365007E3D6C /* Assets.xcassets */; };
		EEC822F91F49A365007E3D6C /* LaunchScreen.storyboard in Resources */ = {isa = PBXBuildFile; fileRef = EEC822F71F49A365007E3D6C /* LaunchScreen.storyboard */; };
		EECBA174216256D2006E5FA9 /* MainTabBarController.swift in Sources */ = {isa = PBXBuildFile; fileRef = EECBA173216256D1006E5FA9 /* MainTabBarController.swift */; };
		EECBA176216257A9006E5FA9 /* AudioListNavigationController.swift in Sources */ = {isa = PBXBuildFile; fileRef = EECBA175216257A9006E5FA9 /* AudioListNavigationController.swift */; };
		EECF1F9821551E9E00DC2E29 /* WorkAround3Tests.swift in Sources */ = {isa = PBXBuildFile; fileRef = EECF1F9721551E9E00DC2E29 /* WorkAround3Tests.swift */; };
		EECF1F9F21551EEF00DC2E29 /* PlayItem+CoreDataClass.swift in Sources */ = {isa = PBXBuildFile; fileRef = EE1E128E2109EDD20071DE2A /* PlayItem+CoreDataClass.swift */; };
		EECF1FA021551EF200DC2E29 /* PlayItem+CoreDataProperties.swift in Sources */ = {isa = PBXBuildFile; fileRef = EE1E128F2109EDD20071DE2A /* PlayItem+CoreDataProperties.swift */; };
		EECF1FA22155214100DC2E29 /* playItems.json in Resources */ = {isa = PBXBuildFile; fileRef = EE1E129B2111E1810071DE2A /* playItems.json */; };
		EECF1FA82155DF2C00DC2E29 /* CoreDataStack.swift in Sources */ = {isa = PBXBuildFile; fileRef = EECF1FA72155DF2B00DC2E29 /* CoreDataStack.swift */; };
		EECF1FD72158895700DC2E29 /* ResourceReadingHelper.swift in Sources */ = {isa = PBXBuildFile; fileRef = EECF1FD62158895700DC2E29 /* ResourceReadingHelper.swift */; };
		EEFEA8442164ACC50060C884 /* TopCornersRoundedTableView.swift in Sources */ = {isa = PBXBuildFile; fileRef = EEFEA8432164ACC50060C884 /* TopCornersRoundedTableView.swift */; };
/* End PBXBuildFile section */

/* Begin PBXContainerItemProxy section */
		EECF1F9A21551E9E00DC2E29 /* PBXContainerItemProxy */ = {
			isa = PBXContainerItemProxy;
			containerPortal = EEC822E31F49A365007E3D6C /* Project object */;
			proxyType = 1;
			remoteGlobalIDString = EEC822EA1F49A365007E3D6C;
			remoteInfo = WorkAround3;
		};
/* End PBXContainerItemProxy section */

/* Begin PBXFileReference section */
		BEC09031204628C10022E5AD /* MiniPlayBar.swift */ = {isa = PBXFileReference; lastKnownFileType = sourcecode.swift; path = MiniPlayBar.swift; sourceTree = "<group>"; };
		BEC0903320462DCB0022E5AD /* MiniPlayBar.xib */ = {isa = PBXFileReference; lastKnownFileType = file.xib; path = MiniPlayBar.xib; sourceTree = "<group>"; };
		EE1E12882109EC380071DE2A /* Model.xcdatamodel */ = {isa = PBXFileReference; lastKnownFileType = wrapper.xcdatamodel; path = Model.xcdatamodel; sourceTree = "<group>"; };
		EE1E128E2109EDD20071DE2A /* PlayItem+CoreDataClass.swift */ = {isa = PBXFileReference; lastKnownFileType = sourcecode.swift; path = "PlayItem+CoreDataClass.swift"; sourceTree = "<group>"; };
		EE1E128F2109EDD20071DE2A /* PlayItem+CoreDataProperties.swift */ = {isa = PBXFileReference; lastKnownFileType = sourcecode.swift; path = "PlayItem+CoreDataProperties.swift"; sourceTree = "<group>"; };
		EE1E12952111E17B0071DE2A /* technology.mp3 */ = {isa = PBXFileReference; lastKnownFileType = audio.mp3; path = technology.mp3; sourceTree = "<group>"; };
		EE1E12962111E17B0071DE2A /* snap_920.png */ = {isa = PBXFileReference; lastKnownFileType = image.png; path = snap_920.png; sourceTree = "<group>"; };
		EE1E12972111E17C0071DE2A /* salamander.mp3 */ = {isa = PBXFileReference; lastKnownFileType = audio.mp3; path = salamander.mp3; sourceTree = "<group>"; };
		EE1E12982111E17D0071DE2A /* technology.jpg */ = {isa = PBXFileReference; lastKnownFileType = image.jpeg; path = technology.jpg; sourceTree = "<group>"; };
		EE1E12992111E1800071DE2A /* snap_920.mp3 */ = {isa = PBXFileReference; lastKnownFileType = audio.mp3; path = snap_920.mp3; sourceTree = "<group>"; };
		EE1E129A2111E1810071DE2A /* salamander.jpg */ = {isa = PBXFileReference; lastKnownFileType = image.jpeg; path = salamander.jpg; sourceTree = "<group>"; };
		EE1E129B2111E1810071DE2A /* playItems.json */ = {isa = PBXFileReference; fileEncoding = 4; lastKnownFileType = text.json; path = playItems.json; sourceTree = "<group>"; };
		EE1FD15021E8DA8100396729 /* DateExtension.swift */ = {isa = PBXFileReference; lastKnownFileType = sourcecode.swift; path = DateExtension.swift; sourceTree = "<group>"; };
		EE21D76620C7FFDE00CA8C71 /* AudioPlayerDashboardCell1.swift */ = {isa = PBXFileReference; lastKnownFileType = sourcecode.swift; path = AudioPlayerDashboardCell1.swift; sourceTree = "<group>"; };
		EE21D76820C802E100CA8C71 /* AudioPlayerDashboardCell2.swift */ = {isa = PBXFileReference; lastKnownFileType = sourcecode.swift; path = AudioPlayerDashboardCell2.swift; sourceTree = "<group>"; };
		EE21D76A20C802EF00CA8C71 /* AudioPlayerDashboardCell3.swift */ = {isa = PBXFileReference; lastKnownFileType = sourcecode.swift; path = AudioPlayerDashboardCell3.swift; sourceTree = "<group>"; };
		EE21D78E20CB50D200CA8C71 /* airplay.png */ = {isa = PBXFileReference; lastKnownFileType = image.png; path = airplay.png; sourceTree = "<group>"; };
		EE21D78F20CB50D200CA8C71 /* highvolume.png */ = {isa = PBXFileReference; lastKnownFileType = image.png; path = highvolume.png; sourceTree = "<group>"; };
		EE21D79020CB50D200CA8C71 /* pause.png */ = {isa = PBXFileReference; lastKnownFileType = image.png; path = pause.png; sourceTree = "<group>"; };
		EE21D79120CB50D300CA8C71 /* play.png */ = {isa = PBXFileReference; lastKnownFileType = image.png; path = play.png; sourceTree = "<group>"; };
		EE21D79220CB50D300CA8C71 /* lowvolume.png */ = {isa = PBXFileReference; lastKnownFileType = image.png; path = lowvolume.png; sourceTree = "<group>"; };
		EE21D79320CB50D300CA8C71 /* replay.png */ = {isa = PBXFileReference; lastKnownFileType = image.png; path = replay.png; sourceTree = "<group>"; };
		EE21D79A20CCD46A00CA8C71 /* Hooded.mp3 */ = {isa = PBXFileReference; lastKnownFileType = audio.mp3; path = Hooded.mp3; sourceTree = "<group>"; };
		EE50CBFF21CA68B6009F6C50 /* MiniPlayBarController.swift */ = {isa = PBXFileReference; lastKnownFileType = sourcecode.swift; path = MiniPlayBarController.swift; sourceTree = "<group>"; };
		EE529C0B20692BA0001B9EE9 /* MiniPlayPopupAnimationController.swift */ = {isa = PBXFileReference; lastKnownFileType = sourcecode.swift; path = MiniPlayPopupAnimationController.swift; sourceTree = "<group>"; };
		EE632660203DA31400347FB8 /* MyPlayItem.swift */ = {isa = PBXFileReference; lastKnownFileType = sourcecode.swift; path = MyPlayItem.swift; sourceTree = "<group>"; };
		EE632663203DA7E500347FB8 /* AudioPlayerViewController.swift */ = {isa = PBXFileReference; lastKnownFileType = sourcecode.swift; path = AudioPlayerViewController.swift; sourceTree = "<group>"; };
		EE6326692040522500347FB8 /* LaunchViewController.swift */ = {isa = PBXFileReference; lastKnownFileType = sourcecode.swift; path = LaunchViewController.swift; sourceTree = "<group>"; };
		EE74EEE021C4C3A600D89FFF /* ImageShadeEffectView.swift */ = {isa = PBXFileReference; fileEncoding = 4; lastKnownFileType = sourcecode.swift; path = ImageShadeEffectView.swift; sourceTree = "<group>"; };
		EE8CF7A0205E158300EA9729 /* DimmingPresentationController.swift */ = {isa = PBXFileReference; fileEncoding = 4; lastKnownFileType = sourcecode.swift; path = DimmingPresentationController.swift; sourceTree = "<group>"; };
		EEB0C03421FAE315003B2A55 /* AudioPlayerController.swift */ = {isa = PBXFileReference; lastKnownFileType = sourcecode.swift; path = AudioPlayerController.swift; sourceTree = "<group>"; };
		EEB0C03621FF33A6003B2A55 /* GHeadTailButton.swift */ = {isa = PBXFileReference; fileEncoding = 4; lastKnownFileType = sourcecode.swift; path = GHeadTailButton.swift; sourceTree = "<group>"; };
		EEB0C03821FF3AB3003B2A55 /* backward.PNG */ = {isa = PBXFileReference; lastKnownFileType = image.png; path = backward.PNG; sourceTree = "<group>"; };
		EEB0C03921FF3AB3003B2A55 /* forward.PNG */ = {isa = PBXFileReference; lastKnownFileType = image.png; path = forward.PNG; sourceTree = "<group>"; };
		EEC822EB1F49A365007E3D6C /* WorkAround3.app */ = {isa = PBXFileReference; explicitFileType = wrapper.application; includeInIndex = 0; path = WorkAround3.app; sourceTree = BUILT_PRODUCTS_DIR; };
		EEC822EE1F49A365007E3D6C /* AppDelegate.swift */ = {isa = PBXFileReference; lastKnownFileType = sourcecode.swift; path = AppDelegate.swift; sourceTree = "<group>"; };
		EEC822F01F49A365007E3D6C /* AudioListViewController.swift */ = {isa = PBXFileReference; lastKnownFileType = sourcecode.swift; path = AudioListViewController.swift; sourceTree = "<group>"; };
		EEC822F31F49A365007E3D6C /* Base */ = {isa = PBXFileReference; lastKnownFileType = file.storyboard; name = Base; path = Base.lproj/Main.storyboard; sourceTree = "<group>"; };
		EEC822F51F49A365007E3D6C /* Assets.xcassets */ = {isa = PBXFileReference; lastKnownFileType = folder.assetcatalog; path = Assets.xcassets; sourceTree = "<group>"; };
		EEC822F81F49A365007E3D6C /* Base */ = {isa = PBXFileReference; lastKnownFileType = file.storyboard; name = Base; path = Base.lproj/LaunchScreen.storyboard; sourceTree = "<group>"; };
		EEC822FA1F49A365007E3D6C /* Info.plist */ = {isa = PBXFileReference; lastKnownFileType = text.plist.xml; path = Info.plist; sourceTree = "<group>"; };
		EECBA173216256D1006E5FA9 /* MainTabBarController.swift */ = {isa = PBXFileReference; lastKnownFileType = sourcecode.swift; path = MainTabBarController.swift; sourceTree = "<group>"; };
		EECBA175216257A9006E5FA9 /* AudioListNavigationController.swift */ = {isa = PBXFileReference; lastKnownFileType = sourcecode.swift; path = AudioListNavigationController.swift; sourceTree = "<group>"; };
		EECF1F9521551E9E00DC2E29 /* WorkAround3Tests.xctest */ = {isa = PBXFileReference; explicitFileType = wrapper.cfbundle; includeInIndex = 0; path = WorkAround3Tests.xctest; sourceTree = BUILT_PRODUCTS_DIR; };
		EECF1F9721551E9E00DC2E29 /* WorkAround3Tests.swift */ = {isa = PBXFileReference; lastKnownFileType = sourcecode.swift; path = WorkAround3Tests.swift; sourceTree = "<group>"; };
		EECF1F9921551E9E00DC2E29 /* Info.plist */ = {isa = PBXFileReference; lastKnownFileType = text.plist.xml; path = Info.plist; sourceTree = "<group>"; };
		EECF1FA72155DF2B00DC2E29 /* CoreDataStack.swift */ = {isa = PBXFileReference; lastKnownFileType = sourcecode.swift; path = CoreDataStack.swift; sourceTree = "<group>"; };
		EECF1FD62158895700DC2E29 /* ResourceReadingHelper.swift */ = {isa = PBXFileReference; lastKnownFileType = sourcecode.swift; path = ResourceReadingHelper.swift; sourceTree = "<group>"; };
		EEFEA8432164ACC50060C884 /* TopCornersRoundedTableView.swift */ = {isa = PBXFileReference; lastKnownFileType = sourcecode.swift; path = TopCornersRoundedTableView.swift; sourceTree = "<group>"; };
/* End PBXFileReference section */

/* Begin PBXFrameworksBuildPhase section */
		EEC822E81F49A365007E3D6C /* Frameworks */ = {
			isa = PBXFrameworksBuildPhase;
			buildActionMask = 2147483647;
			files = (
			);
			runOnlyForDeploymentPostprocessing = 0;
		};
		EECF1F9221551E9E00DC2E29 /* Frameworks */ = {
			isa = PBXFrameworksBuildPhase;
			buildActionMask = 2147483647;
			files = (
			);
			runOnlyForDeploymentPostprocessing = 0;
		};
/* End PBXFrameworksBuildPhase section */

/* Begin PBXGroup section */
		EE05BCF821D11834007011F9 /* CoreDataRecordsFetching */ = {
			isa = PBXGroup;
			children = (
			);
			name = CoreDataRecordsFetching;
			sourceTree = "<group>";
		};
		EE1E12932111E1400071DE2A /* resources */ = {
			isa = PBXGroup;
			children = (
				EE1E129B2111E1810071DE2A /* playItems.json */,
				EE1E129A2111E1810071DE2A /* salamander.jpg */,
				EE1E12972111E17C0071DE2A /* salamander.mp3 */,
				EE1E12992111E1800071DE2A /* snap_920.mp3 */,
				EE1E12962111E17B0071DE2A /* snap_920.png */,
				EE1E12982111E17D0071DE2A /* technology.jpg */,
				EE1E12952111E17B0071DE2A /* technology.mp3 */,
				EE1E12942111E14F0071DE2A /* images */,
			);
			name = resources;
			sourceTree = "<group>";
		};
		EE1E12942111E14F0071DE2A /* images */ = {
			isa = PBXGroup;
			children = (
				EE21D78E20CB50D200CA8C71 /* airplay.png */,
				EE21D78F20CB50D200CA8C71 /* highvolume.png */,
				EE21D79020CB50D200CA8C71 /* pause.png */,
				EE21D79120CB50D300CA8C71 /* play.png */,
				EE21D79220CB50D300CA8C71 /* lowvolume.png */,
				EE21D79320CB50D300CA8C71 /* replay.png */,
				EE21D79A20CCD46A00CA8C71 /* Hooded.mp3 */,
				EEB0C03821FF3AB3003B2A55 /* backward.PNG */,
				EEB0C03921FF3AB3003B2A55 /* forward.PNG */,
			);
			name = images;
			sourceTree = "<group>";
		};
		EE1FD14F21E8DA5700396729 /* Date */ = {
			isa = PBXGroup;
			children = (
				EE1FD15021E8DA8100396729 /* DateExtension.swift */,
			);
			name = Date;
			sourceTree = "<group>";
		};
		EE21D76320C7F79A00CA8C71 /* MainWireFrame */ = {
			isa = PBXGroup;
			children = (
				EEB0C03321FAE2ED003B2A55 /* AudioPlayer */,
				EECBA17021625658006E5FA9 /* LaunchViewController */,
				EECBA16F2162563E006E5FA9 /* AudioPlayerViewController */,
				EE529C0A20692B78001B9EE9 /* Animators */,
				EE63265F203DA2ED00347FB8 /* Model */,
				EE4E07241F4EF8C0009FC635 /* PlayButton */,
			);
			name = MainWireFrame;
			sourceTree = "<group>";
		};
		EE4E07241F4EF8C0009FC635 /* PlayButton */ = {
			isa = PBXGroup;
			children = (
				EEB0C03621FF33A6003B2A55 /* GHeadTailButton.swift */,
			);
			name = PlayButton;
			sourceTree = "<group>";
		};
		EE529C0A20692B78001B9EE9 /* Animators */ = {
			isa = PBXGroup;
			children = (
				EE8CF7A0205E158300EA9729 /* DimmingPresentationController.swift */,
				EE529C0B20692BA0001B9EE9 /* MiniPlayPopupAnimationController.swift */,
			);
			name = Animators;
			sourceTree = "<group>";
		};
		EE63265F203DA2ED00347FB8 /* Model */ = {
			isa = PBXGroup;
			children = (
				EE632660203DA31400347FB8 /* MyPlayItem.swift */,
			);
			name = Model;
			sourceTree = "<group>";
		};
		EEB0C03321FAE2ED003B2A55 /* AudioPlayer */ = {
			isa = PBXGroup;
			children = (
				EEB0C03421FAE315003B2A55 /* AudioPlayerController.swift */,
			);
			name = AudioPlayer;
			sourceTree = "<group>";
		};
		EEC822E21F49A364007E3D6C = {
			isa = PBXGroup;
			children = (
				EE1E128E2109EDD20071DE2A /* PlayItem+CoreDataClass.swift */,
				EE1E128F2109EDD20071DE2A /* PlayItem+CoreDataProperties.swift */,
				EEC822ED1F49A365007E3D6C /* WorkAround3 */,
				EECF1F9621551E9E00DC2E29 /* WorkAround3Tests */,
				EEC822EC1F49A365007E3D6C /* Products */,
			);
			sourceTree = "<group>";
		};
		EEC822EC1F49A365007E3D6C /* Products */ = {
			isa = PBXGroup;
			children = (
				EEC822EB1F49A365007E3D6C /* WorkAround3.app */,
				EECF1F9521551E9E00DC2E29 /* WorkAround3Tests.xctest */,
			);
			name = Products;
			sourceTree = "<group>";
		};
		EEC822ED1F49A365007E3D6C /* WorkAround3 */ = {
			isa = PBXGroup;
			children = (
				EE1FD14F21E8DA5700396729 /* Date */,
				EE05BCF821D11834007011F9 /* CoreDataRecordsFetching */,
				EECF1FD62158895700DC2E29 /* ResourceReadingHelper.swift */,
				EE1E12932111E1400071DE2A /* resources */,
				EE21D76320C7F79A00CA8C71 /* MainWireFrame */,
				EEC822EE1F49A365007E3D6C /* AppDelegate.swift */,
				EECF1FA72155DF2B00DC2E29 /* CoreDataStack.swift */,
				EE74EEE021C4C3A600D89FFF /* ImageShadeEffectView.swift */,
				EEC822F21F49A365007E3D6C /* Main.storyboard */,
				EEC822F51F49A365007E3D6C /* Assets.xcassets */,
				EEC822F71F49A365007E3D6C /* LaunchScreen.storyboard */,
				EEC822FA1F49A365007E3D6C /* Info.plist */,
				EE1E12872109EC380071DE2A /* Model.xcdatamodeld */,
			);
			path = WorkAround3;
			sourceTree = "<group>";
		};
		EECBA16F2162563E006E5FA9 /* AudioPlayerViewController */ = {
			isa = PBXGroup;
			children = (
				EE632663203DA7E500347FB8 /* AudioPlayerViewController.swift */,
				EEFEA8432164ACC50060C884 /* TopCornersRoundedTableView.swift */,
				EE21D76620C7FFDE00CA8C71 /* AudioPlayerDashboardCell1.swift */,
				EE21D76820C802E100CA8C71 /* AudioPlayerDashboardCell2.swift */,
				EE21D76A20C802EF00CA8C71 /* AudioPlayerDashboardCell3.swift */,
			);
			name = AudioPlayerViewController;
			sourceTree = "<group>";
		};
		EECBA17021625658006E5FA9 /* LaunchViewController */ = {
			isa = PBXGroup;
			children = (
				EECBA172216256A3006E5FA9 /* TabbarController */,
				EE6326692040522500347FB8 /* LaunchViewController.swift */,
				BEC09031204628C10022E5AD /* MiniPlayBar.swift */,
				BEC0903320462DCB0022E5AD /* MiniPlayBar.xib */,
				EE50CBFF21CA68B6009F6C50 /* MiniPlayBarController.swift */,
			);
			name = LaunchViewController;
			sourceTree = "<group>";
		};
		EECBA172216256A3006E5FA9 /* TabbarController */ = {
			isa = PBXGroup;
			children = (
				EEC822F01F49A365007E3D6C /* AudioListViewController.swift */,
				EECBA173216256D1006E5FA9 /* MainTabBarController.swift */,
				EECBA175216257A9006E5FA9 /* AudioListNavigationController.swift */,
			);
			name = TabbarController;
			sourceTree = "<group>";
		};
		EECF1F9621551E9E00DC2E29 /* WorkAround3Tests */ = {
			isa = PBXGroup;
			children = (
				EECF1F9721551E9E00DC2E29 /* WorkAround3Tests.swift */,
				EECF1F9921551E9E00DC2E29 /* Info.plist */,
			);
			path = WorkAround3Tests;
			sourceTree = "<group>";
		};
/* End PBXGroup section */

/* Begin PBXNativeTarget section */
		EEC822EA1F49A365007E3D6C /* WorkAround3 */ = {
			isa = PBXNativeTarget;
			buildConfigurationList = EEC822FD1F49A365007E3D6C /* Build configuration list for PBXNativeTarget "WorkAround3" */;
			buildPhases = (
				EEC822E71F49A365007E3D6C /* Sources */,
				EEC822E81F49A365007E3D6C /* Frameworks */,
				EEC822E91F49A365007E3D6C /* Resources */,
			);
			buildRules = (
			);
			dependencies = (
			);
			name = WorkAround3;
			productName = WorkAround3;
			productReference = EEC822EB1F49A365007E3D6C /* WorkAround3.app */;
			productType = "com.apple.product-type.application";
		};
		EECF1F9421551E9E00DC2E29 /* WorkAround3Tests */ = {
			isa = PBXNativeTarget;
			buildConfigurationList = EECF1F9E21551E9E00DC2E29 /* Build configuration list for PBXNativeTarget "WorkAround3Tests" */;
			buildPhases = (
				EECF1F9121551E9E00DC2E29 /* Sources */,
				EECF1F9221551E9E00DC2E29 /* Frameworks */,
				EECF1F9321551E9E00DC2E29 /* Resources */,
			);
			buildRules = (
			);
			dependencies = (
				EECF1F9B21551E9E00DC2E29 /* PBXTargetDependency */,
			);
			name = WorkAround3Tests;
			productName = WorkAround3Tests;
			productReference = EECF1F9521551E9E00DC2E29 /* WorkAround3Tests.xctest */;
			productType = "com.apple.product-type.bundle.unit-test";
		};
/* End PBXNativeTarget section */

/* Begin PBXProject section */
		EEC822E31F49A365007E3D6C /* Project object */ = {
			isa = PBXProject;
			attributes = {
				LastSwiftUpdateCheck = 0910;
				LastUpgradeCheck = 1010;
				ORGANIZATIONNAME = SeoGiwon;
				TargetAttributes = {
					EEC822EA1F49A365007E3D6C = {
						CreatedOnToolsVersion = 8.3.2;
						DevelopmentTeam = 8LSJUN2G6D;
						LastSwiftMigration = 0910;
						ProvisioningStyle = Automatic;
					};
					EECF1F9421551E9E00DC2E29 = {
						CreatedOnToolsVersion = 9.1;
						DevelopmentTeam = 8LSJUN2G6D;
						ProvisioningStyle = Automatic;
						TestTargetID = EEC822EA1F49A365007E3D6C;
					};
				};
			};
			buildConfigurationList = EEC822E61F49A365007E3D6C /* Build configuration list for PBXProject "WorkAround3" */;
			compatibilityVersion = "Xcode 3.2";
			developmentRegion = English;
			hasScannedForEncodings = 0;
			knownRegions = (
				en,
				Base,
			);
			mainGroup = EEC822E21F49A364007E3D6C;
			productRefGroup = EEC822EC1F49A365007E3D6C /* Products */;
			projectDirPath = "";
			projectRoot = "";
			targets = (
				EEC822EA1F49A365007E3D6C /* WorkAround3 */,
				EECF1F9421551E9E00DC2E29 /* WorkAround3Tests */,
			);
		};
/* End PBXProject section */

/* Begin PBXResourcesBuildPhase section */
		EEC822E91F49A365007E3D6C /* Resources */ = {
			isa = PBXResourcesBuildPhase;
			buildActionMask = 2147483647;
			files = (
				EE1E129E2111E1810071DE2A /* salamander.mp3 in Resources */,
				EE1E129C2111E1810071DE2A /* technology.mp3 in Resources */,
				EEC822F91F49A365007E3D6C /* LaunchScreen.storyboard in Resources */,
				EEB0C03B21FF3AB4003B2A55 /* forward.PNG in Resources */,
				EE1E12A22111E1810071DE2A /* playItems.json in Resources */,
				EE21D79620CB50D400CA8C71 /* pause.png in Resources */,
				EEC822F61F49A365007E3D6C /* Assets.xcassets in Resources */,
				EE21D79B20CCD46A00CA8C71 /* Hooded.mp3 in Resources */,
				EEB0C03A21FF3AB4003B2A55 /* backward.PNG in Resources */,
				EE21D79420CB50D400CA8C71 /* airplay.png in Resources */,
				EE21D79820CB50D400CA8C71 /* lowvolume.png in Resources */,
				EE1E12A02111E1810071DE2A /* snap_920.mp3 in Resources */,
				EE21D79520CB50D400CA8C71 /* highvolume.png in Resources */,
				EE1E129F2111E1810071DE2A /* technology.jpg in Resources */,
				EE21D79920CB50D400CA8C71 /* replay.png in Resources */,
				EEC822F41F49A365007E3D6C /* Main.storyboard in Resources */,
				BEC0903420462DCB0022E5AD /* MiniPlayBar.xib in Resources */,
				EE1E129D2111E1810071DE2A /* snap_920.png in Resources */,
				EE21D79720CB50D400CA8C71 /* play.png in Resources */,
				EE1E12A12111E1810071DE2A /* salamander.jpg in Resources */,
			);
			runOnlyForDeploymentPostprocessing = 0;
		};
		EECF1F9321551E9E00DC2E29 /* Resources */ = {
			isa = PBXResourcesBuildPhase;
			buildActionMask = 2147483647;
			files = (
				EECF1FA22155214100DC2E29 /* playItems.json in Resources */,
			);
			runOnlyForDeploymentPostprocessing = 0;
		};
/* End PBXResourcesBuildPhase section */

/* Begin PBXSourcesBuildPhase section */
		EEC822E71F49A365007E3D6C /* Sources */ = {
			isa = PBXSourcesBuildPhase;
			buildActionMask = 2147483647;
			files = (
				EE63266A2040522500347FB8 /* LaunchViewController.swift in Sources */,
				EEB0C03521FAE315003B2A55 /* AudioPlayerController.swift in Sources */,
				EE21D76720C7FFDE00CA8C71 /* AudioPlayerDashboardCell1.swift in Sources */,
				EE632664203DA7E500347FB8 /* AudioPlayerViewController.swift in Sources */,
				EEC822F11F49A365007E3D6C /* AudioListViewController.swift in Sources */,
				EE74EEE121C4C3A600D89FFF /* ImageShadeEffectView.swift in Sources */,
				EE1E12892109EC380071DE2A /* Model.xcdatamodeld in Sources */,
				EEFEA8442164ACC50060C884 /* TopCornersRoundedTableView.swift in Sources */,
				EECF1FD72158895700DC2E29 /* ResourceReadingHelper.swift in Sources */,
				EE50CC0021CA68B6009F6C50 /* MiniPlayBarController.swift in Sources */,
				EECF1FA82155DF2C00DC2E29 /* CoreDataStack.swift in Sources */,
				EE1E12912109EDD20071DE2A /* PlayItem+CoreDataProperties.swift in Sources */,
				EEB0C03721FF33A7003B2A55 /* GHeadTailButton.swift in Sources */,
				EE21D76920C802E100CA8C71 /* AudioPlayerDashboardCell2.swift in Sources */,
				EEC822EF1F49A365007E3D6C /* AppDelegate.swift in Sources */,
				EECBA176216257A9006E5FA9 /* AudioListNavigationController.swift in Sources */,
				EE21D76B20C802EF00CA8C71 /* AudioPlayerDashboardCell3.swift in Sources */,
				EE8CF7A1205E158300EA9729 /* DimmingPresentationController.swift in Sources */,
				EE632661203DA31400347FB8 /* MyPlayItem.swift in Sources */,
				EECBA174216256D2006E5FA9 /* MainTabBarController.swift in Sources */,
				EE1FD15121E8DA8100396729 /* DateExtension.swift in Sources */,
				EE1E12902109EDD20071DE2A /* PlayItem+CoreDataClass.swift in Sources */,
				EE529C0C20692BA0001B9EE9 /* MiniPlayPopupAnimationController.swift in Sources */,
				BEC09032204628C10022E5AD /* MiniPlayBar.swift in Sources */,
			);
			runOnlyForDeploymentPostprocessing = 0;
		};
		EECF1F9121551E9E00DC2E29 /* Sources */ = {
			isa = PBXSourcesBuildPhase;
			buildActionMask = 2147483647;
			files = (
				EECF1F9F21551EEF00DC2E29 /* PlayItem+CoreDataClass.swift in Sources */,
				EECF1FA021551EF200DC2E29 /* PlayItem+CoreDataProperties.swift in Sources */,
				EECF1F9821551E9E00DC2E29 /* WorkAround3Tests.swift in Sources */,
			);
			runOnlyForDeploymentPostprocessing = 0;
		};
/* End PBXSourcesBuildPhase section */

/* Begin PBXTargetDependency section */
		EECF1F9B21551E9E00DC2E29 /* PBXTargetDependency */ = {
			isa = PBXTargetDependency;
			target = EEC822EA1F49A365007E3D6C /* WorkAround3 */;
			targetProxy = EECF1F9A21551E9E00DC2E29 /* PBXContainerItemProxy */;
		};
/* End PBXTargetDependency section */

/* Begin PBXVariantGroup section */
		EEC822F21F49A365007E3D6C /* Main.storyboard */ = {
			isa = PBXVariantGroup;
			children = (
				EEC822F31F49A365007E3D6C /* Base */,
			);
			name = Main.storyboard;
			sourceTree = "<group>";
		};
		EEC822F71F49A365007E3D6C /* LaunchScreen.storyboard */ = {
			isa = PBXVariantGroup;
			children = (
				EEC822F81F49A365007E3D6C /* Base */,
			);
			name = LaunchScreen.storyboard;
			sourceTree = "<group>";
		};
/* End PBXVariantGroup section */

/* Begin XCBuildConfiguration section */
		EEC822FB1F49A365007E3D6C /* Debug */ = {
			isa = XCBuildConfiguration;
			buildSettings = {
				ALWAYS_SEARCH_USER_PATHS = NO;
				CLANG_ANALYZER_NONNULL = YES;
				CLANG_ANALYZER_NUMBER_OBJECT_CONVERSION = YES_AGGRESSIVE;
				CLANG_CXX_LANGUAGE_STANDARD = "gnu++0x";
				CLANG_CXX_LIBRARY = "libc++";
				CLANG_ENABLE_MODULES = YES;
				CLANG_ENABLE_OBJC_ARC = YES;
				CLANG_WARN_BLOCK_CAPTURE_AUTORELEASING = YES;
				CLANG_WARN_BOOL_CONVERSION = YES;
				CLANG_WARN_COMMA = YES;
				CLANG_WARN_CONSTANT_CONVERSION = YES;
				CLANG_WARN_DEPRECATED_OBJC_IMPLEMENTATIONS = YES;
				CLANG_WARN_DIRECT_OBJC_ISA_USAGE = YES_ERROR;
				CLANG_WARN_DOCUMENTATION_COMMENTS = YES;
				CLANG_WARN_EMPTY_BODY = YES;
				CLANG_WARN_ENUM_CONVERSION = YES;
				CLANG_WARN_INFINITE_RECURSION = YES;
				CLANG_WARN_INT_CONVERSION = YES;
				CLANG_WARN_NON_LITERAL_NULL_CONVERSION = YES;
				CLANG_WARN_OBJC_IMPLICIT_RETAIN_SELF = YES;
				CLANG_WARN_OBJC_LITERAL_CONVERSION = YES;
				CLANG_WARN_OBJC_ROOT_CLASS = YES_ERROR;
				CLANG_WARN_RANGE_LOOP_ANALYSIS = YES;
				CLANG_WARN_STRICT_PROTOTYPES = YES;
				CLANG_WARN_SUSPICIOUS_MOVE = YES;
				CLANG_WARN_UNREACHABLE_CODE = YES;
				CLANG_WARN__DUPLICATE_METHOD_MATCH = YES;
				"CODE_SIGN_IDENTITY[sdk=iphoneos*]" = "iPhone Developer";
				COPY_PHASE_STRIP = NO;
				DEBUG_INFORMATION_FORMAT = dwarf;
				ENABLE_STRICT_OBJC_MSGSEND = YES;
				ENABLE_TESTABILITY = YES;
				GCC_C_LANGUAGE_STANDARD = gnu99;
				GCC_DYNAMIC_NO_PIC = NO;
				GCC_NO_COMMON_BLOCKS = YES;
				GCC_OPTIMIZATION_LEVEL = 0;
				GCC_PREPROCESSOR_DEFINITIONS = (
					"DEBUG=1",
					"$(inherited)",
				);
				GCC_WARN_64_TO_32_BIT_CONVERSION = YES;
				GCC_WARN_ABOUT_RETURN_TYPE = YES_ERROR;
				GCC_WARN_UNDECLARED_SELECTOR = YES;
				GCC_WARN_UNINITIALIZED_AUTOS = YES_AGGRESSIVE;
				GCC_WARN_UNUSED_FUNCTION = YES;
				GCC_WARN_UNUSED_VARIABLE = YES;
				MTL_ENABLE_DEBUG_INFO = YES;
				ONLY_ACTIVE_ARCH = YES;
				SDKROOT = iphoneos;
				SWIFT_ACTIVE_COMPILATION_CONDITIONS = DEBUG;
				SWIFT_OPTIMIZATION_LEVEL = "-Onone";
				TARGETED_DEVICE_FAMILY = "1,2";
			};
			name = Debug;
		};
		EEC822FC1F49A365007E3D6C /* Release */ = {
			isa = XCBuildConfiguration;
			buildSettings = {
				ALWAYS_SEARCH_USER_PATHS = NO;
				CLANG_ANALYZER_NONNULL = YES;
				CLANG_ANALYZER_NUMBER_OBJECT_CONVERSION = YES_AGGRESSIVE;
				CLANG_CXX_LANGUAGE_STANDARD = "gnu++0x";
				CLANG_CXX_LIBRARY = "libc++";
				CLANG_ENABLE_MODULES = YES;
				CLANG_ENABLE_OBJC_ARC = YES;
				CLANG_WARN_BLOCK_CAPTURE_AUTORELEASING = YES;
				CLANG_WARN_BOOL_CONVERSION = YES;
				CLANG_WARN_COMMA = YES;
				CLANG_WARN_CONSTANT_CONVERSION = YES;
				CLANG_WARN_DEPRECATED_OBJC_IMPLEMENTATIONS = YES;
				CLANG_WARN_DIRECT_OBJC_ISA_USAGE = YES_ERROR;
				CLANG_WARN_DOCUMENTATION_COMMENTS = YES;
				CLANG_WARN_EMPTY_BODY = YES;
				CLANG_WARN_ENUM_CONVERSION = YES;
				CLANG_WARN_INFINITE_RECURSION = YES;
				CLANG_WARN_INT_CONVERSION = YES;
				CLANG_WARN_NON_LITERAL_NULL_CONVERSION = YES;
				CLANG_WARN_OBJC_IMPLICIT_RETAIN_SELF = YES;
				CLANG_WARN_OBJC_LITERAL_CONVERSION = YES;
				CLANG_WARN_OBJC_ROOT_CLASS = YES_ERROR;
				CLANG_WARN_RANGE_LOOP_ANALYSIS = YES;
				CLANG_WARN_STRICT_PROTOTYPES = YES;
				CLANG_WARN_SUSPICIOUS_MOVE = YES;
				CLANG_WARN_UNREACHABLE_CODE = YES;
				CLANG_WARN__DUPLICATE_METHOD_MATCH = YES;
				"CODE_SIGN_IDENTITY[sdk=iphoneos*]" = "iPhone Developer";
				COPY_PHASE_STRIP = NO;
				DEBUG_INFORMATION_FORMAT = "dwarf-with-dsym";
				ENABLE_NS_ASSERTIONS = NO;
				ENABLE_STRICT_OBJC_MSGSEND = YES;
				GCC_C_LANGUAGE_STANDARD = gnu99;
				GCC_NO_COMMON_BLOCKS = YES;
				GCC_WARN_64_TO_32_BIT_CONVERSION = YES;
				GCC_WARN_ABOUT_RETURN_TYPE = YES_ERROR;
				GCC_WARN_UNDECLARED_SELECTOR = YES;
				GCC_WARN_UNINITIALIZED_AUTOS = YES_AGGRESSIVE;
				GCC_WARN_UNUSED_FUNCTION = YES;
				GCC_WARN_UNUSED_VARIABLE = YES;
				MTL_ENABLE_DEBUG_INFO = NO;
				SDKROOT = iphoneos;
				SWIFT_OPTIMIZATION_LEVEL = "-Owholemodule";
				TARGETED_DEVICE_FAMILY = "1,2";
				VALIDATE_PRODUCT = YES;
			};
			name = Release;
		};
		EEC822FE1F49A365007E3D6C /* Debug */ = {
			isa = XCBuildConfiguration;
			buildSettings = {
				ASSETCATALOG_COMPILER_APPICON_NAME = AppIcon;
				DEVELOPMENT_TEAM = 8LSJUN2G6D;
				INFOPLIST_FILE = WorkAround3/Info.plist;
				LD_RUNPATH_SEARCH_PATHS = "$(inherited) @executable_path/Frameworks";
				PRODUCT_BUNDLE_IDENTIFIER = softv.WorkAround3;
				PRODUCT_NAME = "$(TARGET_NAME)";
				SWIFT_SWIFT3_OBJC_INFERENCE = On;
				SWIFT_VERSION = 4.0;
			};
			name = Debug;
		};
		EEC822FF1F49A365007E3D6C /* Release */ = {
			isa = XCBuildConfiguration;
			buildSettings = {
				ASSETCATALOG_COMPILER_APPICON_NAME = AppIcon;
				DEVELOPMENT_TEAM = 8LSJUN2G6D;
				INFOPLIST_FILE = WorkAround3/Info.plist;
				LD_RUNPATH_SEARCH_PATHS = "$(inherited) @executable_path/Frameworks";
				PRODUCT_BUNDLE_IDENTIFIER = softv.WorkAround3;
				PRODUCT_NAME = "$(TARGET_NAME)";
				SWIFT_SWIFT3_OBJC_INFERENCE = On;
				SWIFT_VERSION = 4.0;
			};
			name = Release;
		};
		EECF1F9C21551E9E00DC2E29 /* Debug */ = {
			isa = XCBuildConfiguration;
			buildSettings = {
				BUNDLE_LOADER = "$(TEST_HOST)";
				CLANG_CXX_LANGUAGE_STANDARD = "gnu++14";
				CLANG_WARN_UNGUARDED_AVAILABILITY = YES_AGGRESSIVE;
				CODE_SIGN_IDENTITY = "iPhone Developer";
				CODE_SIGN_STYLE = Automatic;
				DEVELOPMENT_TEAM = 8LSJUN2G6D;
				GCC_C_LANGUAGE_STANDARD = gnu11;
				INFOPLIST_FILE = WorkAround3Tests/Info.plist;
				IPHONEOS_DEPLOYMENT_TARGET = 11.1;
				LD_RUNPATH_SEARCH_PATHS = "$(inherited) @executable_path/Frameworks @loader_path/Frameworks";
				PRODUCT_BUNDLE_IDENTIFIER = softv.WorkAround3Tests;
				PRODUCT_NAME = "$(TARGET_NAME)";
				SWIFT_VERSION = 4.0;
				TARGETED_DEVICE_FAMILY = "1,2";
				TEST_HOST = "$(BUILT_PRODUCTS_DIR)/WorkAround3.app/WorkAround3";
			};
			name = Debug;
		};
		EECF1F9D21551E9E00DC2E29 /* Release */ = {
			isa = XCBuildConfiguration;
			buildSettings = {
				BUNDLE_LOADER = "$(TEST_HOST)";
				CLANG_CXX_LANGUAGE_STANDARD = "gnu++14";
				CLANG_WARN_UNGUARDED_AVAILABILITY = YES_AGGRESSIVE;
				CODE_SIGN_IDENTITY = "iPhone Developer";
				CODE_SIGN_STYLE = Automatic;
				DEVELOPMENT_TEAM = 8LSJUN2G6D;
				GCC_C_LANGUAGE_STANDARD = gnu11;
				INFOPLIST_FILE = WorkAround3Tests/Info.plist;
				IPHONEOS_DEPLOYMENT_TARGET = 11.1;
				LD_RUNPATH_SEARCH_PATHS = "$(inherited) @executable_path/Frameworks @loader_path/Frameworks";
				PRODUCT_BUNDLE_IDENTIFIER = softv.WorkAround3Tests;
				PRODUCT_NAME = "$(TARGET_NAME)";
				SWIFT_VERSION = 4.0;
				TARGETED_DEVICE_FAMILY = "1,2";
				TEST_HOST = "$(BUILT_PRODUCTS_DIR)/WorkAround3.app/WorkAround3";
			};
			name = Release;
		};
/* End XCBuildConfiguration section */

/* Begin XCConfigurationList section */
		EEC822E61F49A365007E3D6C /* Build configuration list for PBXProject "WorkAround3" */ = {
			isa = XCConfigurationList;
			buildConfigurations = (
				EEC822FB1F49A365007E3D6C /* Debug */,
				EEC822FC1F49A365007E3D6C /* Release */,
			);
			defaultConfigurationIsVisible = 0;
			defaultConfigurationName = Release;
		};
		EEC822FD1F49A365007E3D6C /* Build configuration list for PBXNativeTarget "WorkAround3" */ = {
			isa = XCConfigurationList;
			buildConfigurations = (
				EEC822FE1F49A365007E3D6C /* Debug */,
				EEC822FF1F49A365007E3D6C /* Release */,
			);
			defaultConfigurationIsVisible = 0;
			defaultConfigurationName = Release;
		};
		EECF1F9E21551E9E00DC2E29 /* Build configuration list for PBXNativeTarget "WorkAround3Tests" */ = {
			isa = XCConfigurationList;
			buildConfigurations = (
				EECF1F9C21551E9E00DC2E29 /* Debug */,
				EECF1F9D21551E9E00DC2E29 /* Release */,
			);
			defaultConfigurationIsVisible = 0;
			defaultConfigurationName = Release;
		};
/* End XCConfigurationList section */

/* Begin XCVersionGroup section */
		EE1E12872109EC380071DE2A /* Model.xcdatamodeld */ = {
			isa = XCVersionGroup;
			children = (
				EE1E12882109EC380071DE2A /* Model.xcdatamodel */,
			);
			currentVersion = EE1E12882109EC380071DE2A /* Model.xcdatamodel */;
			path = Model.xcdatamodeld;
			sourceTree = "<group>";
			versionGroupType = wrapper.xcdatamodel;
		};
/* End XCVersionGroup section */
	};
	rootObject = EEC822E31F49A365007E3D6C /* Project object */;
}
