// !$*UTF8*$!
{
	archiveVersion = 1;
	classes = {
	};
	objectVersion = 46;
	objects = {

/* Begin PBXBuildFile section */
		BEC09032204628C10022E5AD /* MiniPlayView.swift in Sources */ = {isa = PBXBuildFile; fileRef = BEC09031204628C10022E5AD /* MiniPlayView.swift */; };
		BEC0903420462DCB0022E5AD /* MiniPlayView.xib in Resources */ = {isa = PBXBuildFile; fileRef = BEC0903320462DCB0022E5AD /* MiniPlayView.xib */; };
		EE4E07201F4EF8B8009FC635 /* FlickerButtonView.swift in Sources */ = {isa = PBXBuildFile; fileRef = EE4E071C1F4EF8B8009FC635 /* FlickerButtonView.swift */; };
		EE4E07211F4EF8B8009FC635 /* HasbeenPausedView.swift in Sources */ = {isa = PBXBuildFile; fileRef = EE4E071D1F4EF8B8009FC635 /* HasbeenPausedView.swift */; };
		EE4E07221F4EF8B8009FC635 /* HasbeenPlayedView.swift in Sources */ = {isa = PBXBuildFile; fileRef = EE4E071E1F4EF8B8009FC635 /* HasbeenPlayedView.swift */; };
		EE4E07231F4EF8B8009FC635 /* GiwonPlayButton.swift in Sources */ = {isa = PBXBuildFile; fileRef = EE4E071F1F4EF8B8009FC635 /* GiwonPlayButton.swift */; };
		EE4E07261F4EF90E009FC635 /* AudioPlayViewController.swift in Sources */ = {isa = PBXBuildFile; fileRef = EE4E07251F4EF90E009FC635 /* AudioPlayViewController.swift */; };
		EE529C0C20692BA0001B9EE9 /* MiniPlayPopupAnimationController.swift in Sources */ = {isa = PBXBuildFile; fileRef = EE529C0B20692BA0001B9EE9 /* MiniPlayPopupAnimationController.swift */; };
		EE529C0E20693270001B9EE9 /* IMG_3622.JPG in Resources */ = {isa = PBXBuildFile; fileRef = EE529C0D20693270001B9EE9 /* IMG_3622.JPG */; };
		EE632661203DA31400347FB8 /* MyPlayItem.swift in Sources */ = {isa = PBXBuildFile; fileRef = EE632660203DA31400347FB8 /* MyPlayItem.swift */; };
		EE632664203DA7E500347FB8 /* AudioPlayerViewController.swift in Sources */ = {isa = PBXBuildFile; fileRef = EE632663203DA7E500347FB8 /* AudioPlayerViewController.swift */; };
		EE63266A2040522500347FB8 /* LaunchViewController.swift in Sources */ = {isa = PBXBuildFile; fileRef = EE6326692040522500347FB8 /* LaunchViewController.swift */; };
		EE8CF7A1205E158300EA9729 /* DimmingPresentationController.swift in Sources */ = {isa = PBXBuildFile; fileRef = EE8CF7A0205E158300EA9729 /* DimmingPresentationController.swift */; };
		EE8CF7A4205E1AA100EA9729 /* MainWireFramePresenter.swift in Sources */ = {isa = PBXBuildFile; fileRef = EE8CF7A3205E1AA100EA9729 /* MainWireFramePresenter.swift */; };
		EE9267B72045931D009DB5B4 /* MainWireFrame.swift in Sources */ = {isa = PBXBuildFile; fileRef = EE9267B62045931D009DB5B4 /* MainWireFrame.swift */; };
		EE9267B92046DEA6009DB5B4 /* AudioPlayWireFrame.swift in Sources */ = {isa = PBXBuildFile; fileRef = EE9267B82046DEA6009DB5B4 /* AudioPlayWireFrame.swift */; };
		EE9267BB2046E1E0009DB5B4 /* MainTabBarController.swift in Sources */ = {isa = PBXBuildFile; fileRef = EE9267BA2046E1E0009DB5B4 /* MainTabBarController.swift */; };
		EE9267BD2046E468009DB5B4 /* EmptyWireFrame.swift in Sources */ = {isa = PBXBuildFile; fileRef = EE9267BC2046E468009DB5B4 /* EmptyWireFrame.swift */; };
		EEC822EF1F49A365007E3D6C /* AppDelegate.swift in Sources */ = {isa = PBXBuildFile; fileRef = EEC822EE1F49A365007E3D6C /* AppDelegate.swift */; };
		EEC822F11F49A365007E3D6C /* AudioListViewController.swift in Sources */ = {isa = PBXBuildFile; fileRef = EEC822F01F49A365007E3D6C /* AudioListViewController.swift */; };
		EEC822F41F49A365007E3D6C /* Main.storyboard in Resources */ = {isa = PBXBuildFile; fileRef = EEC822F21F49A365007E3D6C /* Main.storyboard */; };
		EEC822F61F49A365007E3D6C /* Assets.xcassets in Resources */ = {isa = PBXBuildFile; fileRef = EEC822F51F49A365007E3D6C /* Assets.xcassets */; };
		EEC822F91F49A365007E3D6C /* LaunchScreen.storyboard in Resources */ = {isa = PBXBuildFile; fileRef = EEC822F71F49A365007E3D6C /* LaunchScreen.storyboard */; };
/* End PBXBuildFile section */

/* Begin PBXFileReference section */
		BEC09031204628C10022E5AD /* MiniPlayView.swift */ = {isa = PBXFileReference; lastKnownFileType = sourcecode.swift; path = MiniPlayView.swift; sourceTree = "<group>"; };
		BEC0903320462DCB0022E5AD /* MiniPlayView.xib */ = {isa = PBXFileReference; lastKnownFileType = file.xib; path = MiniPlayView.xib; sourceTree = "<group>"; };
		EE4E071C1F4EF8B8009FC635 /* FlickerButtonView.swift */ = {isa = PBXFileReference; fileEncoding = 4; lastKnownFileType = sourcecode.swift; path = FlickerButtonView.swift; sourceTree = "<group>"; };
		EE4E071D1F4EF8B8009FC635 /* HasbeenPausedView.swift */ = {isa = PBXFileReference; fileEncoding = 4; lastKnownFileType = sourcecode.swift; path = HasbeenPausedView.swift; sourceTree = "<group>"; };
		EE4E071E1F4EF8B8009FC635 /* HasbeenPlayedView.swift */ = {isa = PBXFileReference; fileEncoding = 4; lastKnownFileType = sourcecode.swift; path = HasbeenPlayedView.swift; sourceTree = "<group>"; };
		EE4E071F1F4EF8B8009FC635 /* GiwonPlayButton.swift */ = {isa = PBXFileReference; fileEncoding = 4; lastKnownFileType = sourcecode.swift; path = GiwonPlayButton.swift; sourceTree = "<group>"; };
		EE4E07251F4EF90E009FC635 /* AudioPlayViewController.swift */ = {isa = PBXFileReference; fileEncoding = 4; lastKnownFileType = sourcecode.swift; path = AudioPlayViewController.swift; sourceTree = "<group>"; };
		EE529C0B20692BA0001B9EE9 /* MiniPlayPopupAnimationController.swift */ = {isa = PBXFileReference; lastKnownFileType = sourcecode.swift; path = MiniPlayPopupAnimationController.swift; sourceTree = "<group>"; };
		EE529C0D20693270001B9EE9 /* IMG_3622.JPG */ = {isa = PBXFileReference; lastKnownFileType = image.jpeg; path = IMG_3622.JPG; sourceTree = "<group>"; };
		EE632660203DA31400347FB8 /* MyPlayItem.swift */ = {isa = PBXFileReference; lastKnownFileType = sourcecode.swift; path = MyPlayItem.swift; sourceTree = "<group>"; };
		EE632663203DA7E500347FB8 /* AudioPlayerViewController.swift */ = {isa = PBXFileReference; lastKnownFileType = sourcecode.swift; path = AudioPlayerViewController.swift; sourceTree = "<group>"; };
		EE6326692040522500347FB8 /* LaunchViewController.swift */ = {isa = PBXFileReference; lastKnownFileType = sourcecode.swift; path = LaunchViewController.swift; sourceTree = "<group>"; };
		EE8CF7A0205E158300EA9729 /* DimmingPresentationController.swift */ = {isa = PBXFileReference; fileEncoding = 4; lastKnownFileType = sourcecode.swift; path = DimmingPresentationController.swift; sourceTree = "<group>"; };
		EE8CF7A3205E1AA100EA9729 /* MainWireFramePresenter.swift */ = {isa = PBXFileReference; lastKnownFileType = sourcecode.swift; path = MainWireFramePresenter.swift; sourceTree = "<group>"; };
		EE9267B62045931D009DB5B4 /* MainWireFrame.swift */ = {isa = PBXFileReference; lastKnownFileType = sourcecode.swift; path = MainWireFrame.swift; sourceTree = "<group>"; };
		EE9267B82046DEA6009DB5B4 /* AudioPlayWireFrame.swift */ = {isa = PBXFileReference; lastKnownFileType = sourcecode.swift; path = AudioPlayWireFrame.swift; sourceTree = "<group>"; };
		EE9267BA2046E1E0009DB5B4 /* MainTabBarController.swift */ = {isa = PBXFileReference; lastKnownFileType = sourcecode.swift; path = MainTabBarController.swift; sourceTree = "<group>"; };
		EE9267BC2046E468009DB5B4 /* EmptyWireFrame.swift */ = {isa = PBXFileReference; lastKnownFileType = sourcecode.swift; path = EmptyWireFrame.swift; sourceTree = "<group>"; };
		EEC822EB1F49A365007E3D6C /* WorkAround3.app */ = {isa = PBXFileReference; explicitFileType = wrapper.application; includeInIndex = 0; path = WorkAround3.app; sourceTree = BUILT_PRODUCTS_DIR; };
		EEC822EE1F49A365007E3D6C /* AppDelegate.swift */ = {isa = PBXFileReference; lastKnownFileType = sourcecode.swift; path = AppDelegate.swift; sourceTree = "<group>"; };
		EEC822F01F49A365007E3D6C /* AudioListViewController.swift */ = {isa = PBXFileReference; lastKnownFileType = sourcecode.swift; path = AudioListViewController.swift; sourceTree = "<group>"; };
		EEC822F31F49A365007E3D6C /* Base */ = {isa = PBXFileReference; lastKnownFileType = file.storyboard; name = Base; path = Base.lproj/Main.storyboard; sourceTree = "<group>"; };
		EEC822F51F49A365007E3D6C /* Assets.xcassets */ = {isa = PBXFileReference; lastKnownFileType = folder.assetcatalog; path = Assets.xcassets; sourceTree = "<group>"; };
		EEC822F81F49A365007E3D6C /* Base */ = {isa = PBXFileReference; lastKnownFileType = file.storyboard; name = Base; path = Base.lproj/LaunchScreen.storyboard; sourceTree = "<group>"; };
		EEC822FA1F49A365007E3D6C /* Info.plist */ = {isa = PBXFileReference; lastKnownFileType = text.plist.xml; path = Info.plist; sourceTree = "<group>"; };
/* End PBXFileReference section */

/* Begin PBXFrameworksBuildPhase section */
		EEC822E81F49A365007E3D6C /* Frameworks */ = {
			isa = PBXFrameworksBuildPhase;
			buildActionMask = 2147483647;
			files = (
			);
			runOnlyForDeploymentPostprocessing = 0;
		};
/* End PBXFrameworksBuildPhase section */

/* Begin PBXGroup section */
		BEC090302046282B0022E5AD /* CustomViews */ = {
			isa = PBXGroup;
			children = (
				BEC09031204628C10022E5AD /* MiniPlayView.swift */,
				BEC0903320462DCB0022E5AD /* MiniPlayView.xib */,
			);
			name = CustomViews;
			sourceTree = "<group>";
		};
		EE4E07241F4EF8C0009FC635 /* PlayButton */ = {
			isa = PBXGroup;
			children = (
				EE4E07251F4EF90E009FC635 /* AudioPlayViewController.swift */,
				EE4E071C1F4EF8B8009FC635 /* FlickerButtonView.swift */,
				EE4E071D1F4EF8B8009FC635 /* HasbeenPausedView.swift */,
				EE4E071E1F4EF8B8009FC635 /* HasbeenPlayedView.swift */,
				EE4E071F1F4EF8B8009FC635 /* GiwonPlayButton.swift */,
			);
			name = PlayButton;
			sourceTree = "<group>";
		};
		EE529C0A20692B78001B9EE9 /* Animators */ = {
			isa = PBXGroup;
			children = (
				EE8CF7A0205E158300EA9729 /* DimmingPresentationController.swift */,
				EE529C0B20692BA0001B9EE9 /* MiniPlayPopupAnimationController.swift */,
			);
			name = Animators;
			sourceTree = "<group>";
		};
		EE63265F203DA2ED00347FB8 /* Model */ = {
			isa = PBXGroup;
			children = (
				EE632660203DA31400347FB8 /* MyPlayItem.swift */,
			);
			name = Model;
			sourceTree = "<group>";
		};
		EE632662203DA73C00347FB8 /* ViewControllers */ = {
			isa = PBXGroup;
			children = (
				EE6326692040522500347FB8 /* LaunchViewController.swift */,
				EE632663203DA7E500347FB8 /* AudioPlayerViewController.swift */,
				EEC822F01F49A365007E3D6C /* AudioListViewController.swift */,
			);
			name = ViewControllers;
			sourceTree = "<group>";
		};
		EE8CF7A2205E1A8300EA9729 /* Presenter */ = {
			isa = PBXGroup;
			children = (
				EE8CF7A3205E1AA100EA9729 /* MainWireFramePresenter.swift */,
			);
			name = Presenter;
			sourceTree = "<group>";
		};
		EE9267B5204592E9009DB5B4 /* WireFrame */ = {
			isa = PBXGroup;
			children = (
				EE9267B62045931D009DB5B4 /* MainWireFrame.swift */,
				EE9267BA2046E1E0009DB5B4 /* MainTabBarController.swift */,
				EE9267B82046DEA6009DB5B4 /* AudioPlayWireFrame.swift */,
				EE9267BC2046E468009DB5B4 /* EmptyWireFrame.swift */,
			);
			name = WireFrame;
			sourceTree = "<group>";
		};
		EEC822E21F49A364007E3D6C = {
			isa = PBXGroup;
			children = (
				EEC822ED1F49A365007E3D6C /* WorkAround3 */,
				EEC822EC1F49A365007E3D6C /* Products */,
			);
			sourceTree = "<group>";
		};
		EEC822EC1F49A365007E3D6C /* Products */ = {
			isa = PBXGroup;
			children = (
				EEC822EB1F49A365007E3D6C /* WorkAround3.app */,
			);
			name = Products;
			sourceTree = "<group>";
		};
		EEC822ED1F49A365007E3D6C /* WorkAround3 */ = {
			isa = PBXGroup;
			children = (
				EE529C0D20693270001B9EE9 /* IMG_3622.JPG */,
				EE529C0A20692B78001B9EE9 /* Animators */,
				EE8CF7A2205E1A8300EA9729 /* Presenter */,
				BEC090302046282B0022E5AD /* CustomViews */,
				EE9267B5204592E9009DB5B4 /* WireFrame */,
				EE632662203DA73C00347FB8 /* ViewControllers */,
				EE63265F203DA2ED00347FB8 /* Model */,
				EE4E07241F4EF8C0009FC635 /* PlayButton */,
				EEC822EE1F49A365007E3D6C /* AppDelegate.swift */,
				EEC822F21F49A365007E3D6C /* Main.storyboard */,
				EEC822F51F49A365007E3D6C /* Assets.xcassets */,
				EEC822F71F49A365007E3D6C /* LaunchScreen.storyboard */,
				EEC822FA1F49A365007E3D6C /* Info.plist */,
			);
			path = WorkAround3;
			sourceTree = "<group>";
		};
/* End PBXGroup section */

/* Begin PBXNativeTarget section */
		EEC822EA1F49A365007E3D6C /* WorkAround3 */ = {
			isa = PBXNativeTarget;
			buildConfigurationList = EEC822FD1F49A365007E3D6C /* Build configuration list for PBXNativeTarget "WorkAround3" */;
			buildPhases = (
				EEC822E71F49A365007E3D6C /* Sources */,
				EEC822E81F49A365007E3D6C /* Frameworks */,
				EEC822E91F49A365007E3D6C /* Resources */,
			);
			buildRules = (
			);
			dependencies = (
			);
			name = WorkAround3;
			productName = WorkAround3;
			productReference = EEC822EB1F49A365007E3D6C /* WorkAround3.app */;
			productType = "com.apple.product-type.application";
		};
/* End PBXNativeTarget section */

/* Begin PBXProject section */
		EEC822E31F49A365007E3D6C /* Project object */ = {
			isa = PBXProject;
			attributes = {
				LastSwiftUpdateCheck = 0830;
				LastUpgradeCheck = 0830;
				ORGANIZATIONNAME = SeoGiwon;
				TargetAttributes = {
					EEC822EA1F49A365007E3D6C = {
						CreatedOnToolsVersion = 8.3.2;
						DevelopmentTeam = 8LSJUN2G6D;
						ProvisioningStyle = Automatic;
					};
				};
			};
			buildConfigurationList = EEC822E61F49A365007E3D6C /* Build configuration list for PBXProject "WorkAround3" */;
			compatibilityVersion = "Xcode 3.2";
			developmentRegion = English;
			hasScannedForEncodings = 0;
			knownRegions = (
				en,
				Base,
			);
			mainGroup = EEC822E21F49A364007E3D6C;
			productRefGroup = EEC822EC1F49A365007E3D6C /* Products */;
			projectDirPath = "";
			projectRoot = "";
			targets = (
				EEC822EA1F49A365007E3D6C /* WorkAround3 */,
			);
		};
/* End PBXProject section */

/* Begin PBXResourcesBuildPhase section */
		EEC822E91F49A365007E3D6C /* Resources */ = {
			isa = PBXResourcesBuildPhase;
			buildActionMask = 2147483647;
			files = (
				EEC822F91F49A365007E3D6C /* LaunchScreen.storyboard in Resources */,
				EEC822F61F49A365007E3D6C /* Assets.xcassets in Resources */,
				EE529C0E20693270001B9EE9 /* IMG_3622.JPG in Resources */,
				EEC822F41F49A365007E3D6C /* Main.storyboard in Resources */,
				BEC0903420462DCB0022E5AD /* MiniPlayView.xib in Resources */,
			);
			runOnlyForDeploymentPostprocessing = 0;
		};
/* End PBXResourcesBuildPhase section */

/* Begin PBXSourcesBuildPhase section */
		EEC822E71F49A365007E3D6C /* Sources */ = {
			isa = PBXSourcesBuildPhase;
			buildActionMask = 2147483647;
			files = (
				EE4E07231F4EF8B8009FC635 /* GiwonPlayButton.swift in Sources */,
				EE9267B92046DEA6009DB5B4 /* AudioPlayWireFrame.swift in Sources */,
				EE63266A2040522500347FB8 /* LaunchViewController.swift in Sources */,
				EE632664203DA7E500347FB8 /* AudioPlayerViewController.swift in Sources */,
				EE9267B72045931D009DB5B4 /* MainWireFrame.swift in Sources */,
				EEC822F11F49A365007E3D6C /* AudioListViewController.swift in Sources */,
				EE4E07221F4EF8B8009FC635 /* HasbeenPlayedView.swift in Sources */,
				EE8CF7A4205E1AA100EA9729 /* MainWireFramePresenter.swift in Sources */,
				EE4E07211F4EF8B8009FC635 /* HasbeenPausedView.swift in Sources */,
				EE9267BD2046E468009DB5B4 /* EmptyWireFrame.swift in Sources */,
				EEC822EF1F49A365007E3D6C /* AppDelegate.swift in Sources */,
				EE4E07201F4EF8B8009FC635 /* FlickerButtonView.swift in Sources */,
				EE8CF7A1205E158300EA9729 /* DimmingPresentationController.swift in Sources */,
				EE9267BB2046E1E0009DB5B4 /* MainTabBarController.swift in Sources */,
				EE632661203DA31400347FB8 /* MyPlayItem.swift in Sources */,
				EE4E07261F4EF90E009FC635 /* AudioPlayViewController.swift in Sources */,
				EE529C0C20692BA0001B9EE9 /* MiniPlayPopupAnimationController.swift in Sources */,
				BEC09032204628C10022E5AD /* MiniPlayView.swift in Sources */,
			);
			runOnlyForDeploymentPostprocessing = 0;
		};
/* End PBXSourcesBuildPhase section */

/* Begin PBXVariantGroup section */
		EEC822F21F49A365007E3D6C /* Main.storyboard */ = {
			isa = PBXVariantGroup;
			children = (
				EEC822F31F49A365007E3D6C /* Base */,
			);
			name = Main.storyboard;
			sourceTree = "<group>";
		};
		EEC822F71F49A365007E3D6C /* LaunchScreen.storyboard */ = {
			isa = PBXVariantGroup;
			children = (
				EEC822F81F49A365007E3D6C /* Base */,
			);
			name = LaunchScreen.storyboard;
			sourceTree = "<group>";
		};
/* End PBXVariantGroup section */

/* Begin XCBuildConfiguration section */
		EEC822FB1F49A365007E3D6C /* Debug */ = {
			isa = XCBuildConfiguration;
			buildSettings = {
				ALWAYS_SEARCH_USER_PATHS = NO;
				CLANG_ANALYZER_NONNULL = YES;
				CLANG_ANALYZER_NUMBER_OBJECT_CONVERSION = YES_AGGRESSIVE;
				CLANG_CXX_LANGUAGE_STANDARD = "gnu++0x";
				CLANG_CXX_LIBRARY = "libc++";
				CLANG_ENABLE_MODULES = YES;
				CLANG_ENABLE_OBJC_ARC = YES;
				CLANG_WARN_BOOL_CONVERSION = YES;
				CLANG_WARN_CONSTANT_CONVERSION = YES;
				CLANG_WARN_DIRECT_OBJC_ISA_USAGE = YES_ERROR;
				CLANG_WARN_DOCUMENTATION_COMMENTS = YES;
				CLANG_WARN_EMPTY_BODY = YES;
				CLANG_WARN_ENUM_CONVERSION = YES;
				CLANG_WARN_INFINITE_RECURSION = YES;
				CLANG_WARN_INT_CONVERSION = YES;
				CLANG_WARN_OBJC_ROOT_CLASS = YES_ERROR;
				CLANG_WARN_SUSPICIOUS_MOVE = YES;
				CLANG_WARN_UNREACHABLE_CODE = YES;
				CLANG_WARN__DUPLICATE_METHOD_MATCH = YES;
				"CODE_SIGN_IDENTITY[sdk=iphoneos*]" = "iPhone Developer";
				COPY_PHASE_STRIP = NO;
				DEBUG_INFORMATION_FORMAT = dwarf;
				ENABLE_STRICT_OBJC_MSGSEND = YES;
				ENABLE_TESTABILITY = YES;
				GCC_C_LANGUAGE_STANDARD = gnu99;
				GCC_DYNAMIC_NO_PIC = NO;
				GCC_NO_COMMON_BLOCKS = YES;
				GCC_OPTIMIZATION_LEVEL = 0;
				GCC_PREPROCESSOR_DEFINITIONS = (
					"DEBUG=1",
					"$(inherited)",
				);
				GCC_WARN_64_TO_32_BIT_CONVERSION = YES;
				GCC_WARN_ABOUT_RETURN_TYPE = YES_ERROR;
				GCC_WARN_UNDECLARED_SELECTOR = YES;
				GCC_WARN_UNINITIALIZED_AUTOS = YES_AGGRESSIVE;
				GCC_WARN_UNUSED_FUNCTION = YES;
				GCC_WARN_UNUSED_VARIABLE = YES;
				IPHONEOS_DEPLOYMENT_TARGET = 10.3;
				MTL_ENABLE_DEBUG_INFO = YES;
				ONLY_ACTIVE_ARCH = YES;
				SDKROOT = iphoneos;
				SWIFT_ACTIVE_COMPILATION_CONDITIONS = DEBUG;
				SWIFT_OPTIMIZATION_LEVEL = "-Onone";
				TARGETED_DEVICE_FAMILY = "1,2";
			};
			name = Debug;
		};
		EEC822FC1F49A365007E3D6C /* Release */ = {
			isa = XCBuildConfiguration;
			buildSettings = {
				ALWAYS_SEARCH_USER_PATHS = NO;
				CLANG_ANALYZER_NONNULL = YES;
				CLANG_ANALYZER_NUMBER_OBJECT_CONVERSION = YES_AGGRESSIVE;
				CLANG_CXX_LANGUAGE_STANDARD = "gnu++0x";
				CLANG_CXX_LIBRARY = "libc++";
				CLANG_ENABLE_MODULES = YES;
				CLANG_ENABLE_OBJC_ARC = YES;
				CLANG_WARN_BOOL_CONVERSION = YES;
				CLANG_WARN_CONSTANT_CONVERSION = YES;
				CLANG_WARN_DIRECT_OBJC_ISA_USAGE = YES_ERROR;
				CLANG_WARN_DOCUMENTATION_COMMENTS = YES;
				CLANG_WARN_EMPTY_BODY = YES;
				CLANG_WARN_ENUM_CONVERSION = YES;
				CLANG_WARN_INFINITE_RECURSION = YES;
				CLANG_WARN_INT_CONVERSION = YES;
				CLANG_WARN_OBJC_ROOT_CLASS = YES_ERROR;
				CLANG_WARN_SUSPICIOUS_MOVE = YES;
				CLANG_WARN_UNREACHABLE_CODE = YES;
				CLANG_WARN__DUPLICATE_METHOD_MATCH = YES;
				"CODE_SIGN_IDENTITY[sdk=iphoneos*]" = "iPhone Developer";
				COPY_PHASE_STRIP = NO;
				DEBUG_INFORMATION_FORMAT = "dwarf-with-dsym";
				ENABLE_NS_ASSERTIONS = NO;
				ENABLE_STRICT_OBJC_MSGSEND = YES;
				GCC_C_LANGUAGE_STANDARD = gnu99;
				GCC_NO_COMMON_BLOCKS = YES;
				GCC_WARN_64_TO_32_BIT_CONVERSION = YES;
				GCC_WARN_ABOUT_RETURN_TYPE = YES_ERROR;
				GCC_WARN_UNDECLARED_SELECTOR = YES;
				GCC_WARN_UNINITIALIZED_AUTOS = YES_AGGRESSIVE;
				GCC_WARN_UNUSED_FUNCTION = YES;
				GCC_WARN_UNUSED_VARIABLE = YES;
				IPHONEOS_DEPLOYMENT_TARGET = 10.3;
				MTL_ENABLE_DEBUG_INFO = NO;
				SDKROOT = iphoneos;
				SWIFT_OPTIMIZATION_LEVEL = "-Owholemodule";
				TARGETED_DEVICE_FAMILY = "1,2";
				VALIDATE_PRODUCT = YES;
			};
			name = Release;
		};
		EEC822FE1F49A365007E3D6C /* Debug */ = {
			isa = XCBuildConfiguration;
			buildSettings = {
				ASSETCATALOG_COMPILER_APPICON_NAME = AppIcon;
				DEVELOPMENT_TEAM = 8LSJUN2G6D;
				INFOPLIST_FILE = WorkAround3/Info.plist;
				LD_RUNPATH_SEARCH_PATHS = "$(inherited) @executable_path/Frameworks";
				PRODUCT_BUNDLE_IDENTIFIER = softv.WorkAround3;
				PRODUCT_NAME = "$(TARGET_NAME)";
				SWIFT_VERSION = 3.0;
			};
			name = Debug;
		};
		EEC822FF1F49A365007E3D6C /* Release */ = {
			isa = XCBuildConfiguration;
			buildSettings = {
				ASSETCATALOG_COMPILER_APPICON_NAME = AppIcon;
				DEVELOPMENT_TEAM = 8LSJUN2G6D;
				INFOPLIST_FILE = WorkAround3/Info.plist;
				LD_RUNPATH_SEARCH_PATHS = "$(inherited) @executable_path/Frameworks";
				PRODUCT_BUNDLE_IDENTIFIER = softv.WorkAround3;
				PRODUCT_NAME = "$(TARGET_NAME)";
				SWIFT_VERSION = 3.0;
			};
			name = Release;
		};
/* End XCBuildConfiguration section */

/* Begin XCConfigurationList section */
		EEC822E61F49A365007E3D6C /* Build configuration list for PBXProject "WorkAround3" */ = {
			isa = XCConfigurationList;
			buildConfigurations = (
				EEC822FB1F49A365007E3D6C /* Debug */,
				EEC822FC1F49A365007E3D6C /* Release */,
			);
			defaultConfigurationIsVisible = 0;
			defaultConfigurationName = Release;
		};
		EEC822FD1F49A365007E3D6C /* Build configuration list for PBXNativeTarget "WorkAround3" */ = {
			isa = XCConfigurationList;
			buildConfigurations = (
				EEC822FE1F49A365007E3D6C /* Debug */,
				EEC822FF1F49A365007E3D6C /* Release */,
			);
			defaultConfigurationIsVisible = 0;
			defaultConfigurationName = Release;
		};
/* End XCConfigurationList section */
	};
	rootObject = EEC822E31F49A365007E3D6C /* Project object */;
}
